// !$*UTF8*$!
{
	archiveVersion = 1;
	classes = {
	};
	objectVersion = 46;
	objects = {

/* Begin PBXBuildFile section */
		3DD0FDF21CE5B15500CFB62E /* AppDelegate.swift in Sources */ = {isa = PBXBuildFile; fileRef = 3DD0FDF11CE5B15500CFB62E /* AppDelegate.swift */; };
		3DD0FDF41CE5B15500CFB62E /* ViewController.swift in Sources */ = {isa = PBXBuildFile; fileRef = 3DD0FDF31CE5B15500CFB62E /* ViewController.swift */; };
		3DD0FDF71CE5B15500CFB62E /* Main.storyboard in Resources */ = {isa = PBXBuildFile; fileRef = 3DD0FDF51CE5B15500CFB62E /* Main.storyboard */; };
		3DD0FDF91CE5B15500CFB62E /* Assets.xcassets in Resources */ = {isa = PBXBuildFile; fileRef = 3DD0FDF81CE5B15500CFB62E /* Assets.xcassets */; };
		3DD0FDFC1CE5B15500CFB62E /* LaunchScreen.storyboard in Resources */ = {isa = PBXBuildFile; fileRef = 3DD0FDFA1CE5B15500CFB62E /* LaunchScreen.storyboard */; };
/* End PBXBuildFile section */

/* Begin PBXFileReference section */
		3DD0FDEE1CE5B15500CFB62E /* FirstGitXcode.app */ = {isa = PBXFileReference; explicitFileType = wrapper.application; includeInIndex = 0; path = FirstGitXcode.app; sourceTree = BUILT_PRODUCTS_DIR; };
		3DD0FDF11CE5B15500CFB62E /* AppDelegate.swift */ = {isa = PBXFileReference; lastKnownFileType = sourcecode.swift; path = AppDelegate.swift; sourceTree = "<group>"; };
		3DD0FDF31CE5B15500CFB62E /* ViewController.swift */ = {isa = PBXFileReference; lastKnownFileType = sourcecode.swift; path = ViewController.swift; sourceTree = "<group>"; };
		3DD0FDF61CE5B15500CFB62E /* Base */ = {isa = PBXFileReference; lastKnownFileType = file.storyboard; name = Base; path = Base.lproj/Main.storyboard; sourceTree = "<group>"; };
		3DD0FDF81CE5B15500CFB62E /* Assets.xcassets */ = {isa = PBXFileReference; lastKnownFileType = folder.assetcatalog; path = Assets.xcassets; sourceTree = "<group>"; };
		3DD0FDFB1CE5B15500CFB62E /* Base */ = {isa = PBXFileReference; lastKnownFileType = file.storyboard; name = Base; path = Base.lproj/LaunchScreen.storyboard; sourceTree = "<group>"; };
		3DD0FDFD1CE5B15500CFB62E /* Info.plist */ = {isa = PBXFileReference; lastKnownFileType = text.plist.xml; path = Info.plist; sourceTree = "<group>"; };
/* End PBXFileReference section */

/* Begin PBXFrameworksBuildPhase section */
		3DD0FDEB1CE5B15500CFB62E /* Frameworks */ = {
			isa = PBXFrameworksBuildPhase;
			buildActionMask = 2147483647;
			files = (
			);
			runOnlyForDeploymentPostprocessing = 0;
		};
/* End PBXFrameworksBuildPhase section */

/* Begin PBXGroup section */
		3DD0FDE51CE5B15500CFB62E = {
			isa = PBXGroup;
			children = (
				3DD0FDF01CE5B15500CFB62E /* FirstGitXcode */,
				3DD0FDEF1CE5B15500CFB62E /* Products */,
			);
			sourceTree = "<group>";
		};
		3DD0FDEF1CE5B15500CFB62E /* Products */ = {
			isa = PBXGroup;
			children = (
				3DD0FDEE1CE5B15500CFB62E /* FirstGitXcode.app */,
			);
			name = Products;
			sourceTree = "<group>";
		};
		3DD0FDF01CE5B15500CFB62E /* FirstGitXcode */ = {
			isa = PBXGroup;
			children = (
				3DD0FDF11CE5B15500CFB62E /* AppDelegate.swift */,
				3DD0FDF31CE5B15500CFB62E /* ViewController.swift */,
				3DD0FDF51CE5B15500CFB62E /* Main.storyboard */,
				3DD0FDF81CE5B15500CFB62E /* Assets.xcassets */,
				3DD0FDFA1CE5B15500CFB62E /* LaunchScreen.storyboard */,
				3DD0FDFD1CE5B15500CFB62E /* Info.plist */,
			);
			path = FirstGitXcode;
			sourceTree = "<group>";
		};
/* End PBXGroup section */

/* Begin PBXNativeTarget section */
		3DD0FDED1CE5B15500CFB62E /* FirstGitXcode */ = {
			isa = PBXNativeTarget;
			buildConfigurationList = 3DD0FE001CE5B15500CFB62E /* Build configuration list for PBXNativeTarget "FirstGitXcode" */;
			buildPhases = (
				3DD0FDEA1CE5B15500CFB62E /* Sources */,
				3DD0FDEB1CE5B15500CFB62E /* Frameworks */,
				3DD0FDEC1CE5B15500CFB62E /* Resources */,
			);
			buildRules = (
			);
			dependencies = (
			);
			name = FirstGitXcode;
			productName = FirstGitXcode;
			productReference = 3DD0FDEE1CE5B15500CFB62E /* FirstGitXcode.app */;
			productType = "com.apple.product-type.application";
		};
/* End PBXNativeTarget section */

/* Begin PBXProject section */
		3DD0FDE61CE5B15500CFB62E /* Project object */ = {
			isa = PBXProject;
			attributes = {
				LastSwiftUpdateCheck = 0730;
				LastUpgradeCheck = 0730;
				ORGANIZATIONNAME = "Vahid Sayad";
				TargetAttributes = {
					3DD0FDED1CE5B15500CFB62E = {
						CreatedOnToolsVersion = 7.3.1;
						DevelopmentTeam = 3MUYJVU39C;
					};
				};
			};
			buildConfigurationList = 3DD0FDE91CE5B15500CFB62E /* Build configuration list for PBXProject "FirstGitXcode" */;
			compatibilityVersion = "Xcode 3.2";
			developmentRegion = English;
			hasScannedForEncodings = 0;
			knownRegions = (
				en,
				Base,
			);
			mainGroup = 3DD0FDE51CE5B15500CFB62E;
			productRefGroup = 3DD0FDEF1CE5B15500CFB62E /* Products */;
			projectDirPath = "";
			projectRoot = "";
			targets = (
				3DD0FDED1CE5B15500CFB62E /* FirstGitXcode */,
			);
		};
/* End PBXProject section */

/* Begin PBXResourcesBuildPhase section */
		3DD0FDEC1CE5B15500CFB62E /* Resources */ = {
			isa = PBXResourcesBuildPhase;
			buildActionMask = 2147483647;
			files = (
				3DD0FDFC1CE5B15500CFB62E /* LaunchScreen.storyboard in Resources */,
				3DD0FDF91CE5B15500CFB62E /* Assets.xcassets in Resources */,
				3DD0FDF71CE5B15500CFB62E /* Main.storyboard in Resources */,
			);
			runOnlyForDeploymentPostprocessing = 0;
		};
/* End PBXResourcesBuildPhase section */

/* Begin PBXSourcesBuildPhase section */
		3DD0FDEA1CE5B15500CFB62E /* Sources */ = {
			isa = PBXSourcesBuildPhase;
			buildActionMask = 2147483647;
			files = (
				3DD0FDF41CE5B15500CFB62E /* ViewController.swift in Sources */,
				3DD0FDF21CE5B15500CFB62E /* AppDelegate.swift in Sources */,
			);
			runOnlyForDeploymentPostprocessing = 0;
		};
/* End PBXSourcesBuildPhase section */

/* Begin PBXVariantGroup section */
		3DD0FDF51CE5B15500CFB62E /* Main.storyboard */ = {
			isa = PBXVariantGroup;
			children = (
				3DD0FDF61CE5B15500CFB62E /* Base */,
			);
			name = Main.storyboard;
			sourceTree = "<group>";
		};
		3DD0FDFA1CE5B15500CFB62E /* LaunchScreen.storyboard */ = {
			isa = PBXVariantGroup;
			children = (
				3DD0FDFB1CE5B15500CFB62E /* Base */,
			);
			name = LaunchScreen.storyboard;
			sourceTree = "<group>";
		};
/* End PBXVariantGroup section */

/* Begin XCBuildConfiguration section */
		3DD0FDFE1CE5B15500CFB62E /* Debug */ = {
			isa = XCBuildConfiguration;
			buildSettings = {
				ALWAYS_SEARCH_USER_PATHS = NO;
				CLANG_ANALYZER_NONNULL = YES;
				CLANG_CXX_LANGUAGE_STANDARD = "gnu++0x";
				CLANG_CXX_LIBRARY = "libc++";
				CLANG_ENABLE_MODULES = YES;
				CLANG_ENABLE_OBJC_ARC = YES;
				CLANG_WARN_BOOL_CONVERSION = YES;
				CLANG_WARN_CONSTANT_CONVERSION = YES;
				CLANG_WARN_DIRECT_OBJC_ISA_USAGE = YES_ERROR;
				CLANG_WARN_EMPTY_BODY = YES;
				CLANG_WARN_ENUM_CONVERSION = YES;
				CLANG_WARN_INT_CONVERSION = YES;
				CLANG_WARN_OBJC_ROOT_CLASS = YES_ERROR;
				CLANG_WARN_UNREACHABLE_CODE = YES;
				CLANG_WARN__DUPLICATE_METHOD_MATCH = YES;
				"CODE_SIGN_IDENTITY[sdk=iphoneos*]" = "iPhone Developer";
				COPY_PHASE_STRIP = NO;
				DEBUG_INFORMATION_FORMAT = dwarf;
				ENABLE_STRICT_OBJC_MSGSEND = YES;
				ENABLE_TESTABILITY = YES;
				GCC_C_LANGUAGE_STANDARD = gnu99;
				GCC_DYNAMIC_NO_PIC = NO;
				GCC_NO_COMMON_BLOCKS = YES;
				GCC_OPTIMIZATION_LEVEL = 0;
				GCC_PREPROCESSOR_DEFINITIONS = (
					"DEBUG=1",
					"$(inherited)",
				);
				GCC_WARN_64_TO_32_BIT_CONVERSION = YES;
				GCC_WARN_ABOUT_RETURN_TYPE = YES_ERROR;
				GCC_WARN_UNDECLARED_SELECTOR = YES;
				GCC_WARN_UNINITIALIZED_AUTOS = YES_AGGRESSIVE;
				GCC_WARN_UNUSED_FUNCTION = YES;
				GCC_WARN_UNUSED_VARIABLE = YES;
				IPHONEOS_DEPLOYMENT_TARGET = 9.3;
				MTL_ENABLE_DEBUG_INFO = YES;
				ONLY_ACTIVE_ARCH = YES;
				SDKROOT = iphoneos;
				SWIFT_OPTIMIZATION_LEVEL = "-Onone";
				TARGETED_DEVICE_FAMILY = "1,2";
			};
			name = Debug;
		};
		3DD0FDFF1CE5B15500CFB62E /* Release */ = {
			isa = XCBuildConfiguration;
			buildSettings = {
				ALWAYS_SEARCH_USER_PATHS = NO;
				CLANG_ANALYZER_NONNULL = YES;
				CLANG_CXX_LANGUAGE_STANDARD = "gnu++0x";
				CLANG_CXX_LIBRARY = "libc++";
				CLANG_ENABLE_MODULES = YES;
				CLANG_ENABLE_OBJC_ARC = YES;
				CLANG_WARN_BOOL_CONVERSION = YES;
				CLANG_WARN_CONSTANT_CONVERSION = YES;
				CLANG_WARN_DIRECT_OBJC_ISA_USAGE = YES_ERROR;
				CLANG_WARN_EMPTY_BODY = YES;
				CLANG_WARN_ENUM_CONVERSION = YES;
				CLANG_WARN_INT_CONVERSION = YES;
				CLANG_WARN_OBJC_ROOT_CLASS = YES_ERROR;
				CLANG_WARN_UNREACHABLE_CODE = YES;
				CLANG_WARN__DUPLICATE_METHOD_MATCH = YES;
				"CODE_SIGN_IDENTITY[sdk=iphoneos*]" = "iPhone Developer";
				COPY_PHASE_STRIP = NO;
				DEBUG_INFORMATION_FORMAT = "dwarf-with-dsym";
				ENABLE_NS_ASSERTIONS = NO;
				ENABLE_STRICT_OBJC_MSGSEND = YES;
				GCC_C_LANGUAGE_STANDARD = gnu99;
				GCC_NO_COMMON_BLOCKS = YES;
				GCC_WARN_64_TO_32_BIT_CONVERSION = YES;
				GCC_WARN_ABOUT_RETURN_TYPE = YES_ERROR;
				GCC_WARN_UNDECLARED_SELECTOR = YES;
				GCC_WARN_UNINITIALIZED_AUTOS = YES_AGGRESSIVE;
				GCC_WARN_UNUSED_FUNCTION = YES;
				GCC_WARN_UNUSED_VARIABLE = YES;
				IPHONEOS_DEPLOYMENT_TARGET = 9.3;
				MTL_ENABLE_DEBUG_INFO = NO;
				SDKROOT = iphoneos;
				TARGETED_DEVICE_FAMILY = "1,2";
				VALIDATE_PRODUCT = YES;
			};
			name = Release;
		};
		3DD0FE011CE5B15500CFB62E /* Debug */ = {
			isa = XCBuildConfiguration;
			buildSettings = {
				ASSETCATALOG_COMPILER_APPICON_NAME = AppIcon;
				INFOPLIST_FILE = FirstGitXcode/Info.plist;
				LD_RUNPATH_SEARCH_PATHS = "$(inherited) @executable_path/Frameworks";
				PRODUCT_BUNDLE_IDENTIFIER = ir.app.FirstGitXcode;
				PRODUCT_NAME = "$(TARGET_NAME)";
			};
			name = Debug;
		};
		3DD0FE021CE5B15500CFB62E /* Release */ = {
			isa = XCBuildConfiguration;
			buildSettings = {
				ASSETCATALOG_COMPILER_APPICON_NAME = AppIcon;
				INFOPLIST_FILE = FirstGitXcode/Info.plist;
				LD_RUNPATH_SEARCH_PATHS = "$(inherited) @executable_path/Frameworks";
				PRODUCT_BUNDLE_IDENTIFIER = ir.app.FirstGitXcode;
				PRODUCT_NAME = "$(TARGET_NAME)";
			};
			name = Release;
		};
/* End XCBuildConfiguration section */

/* Begin XCConfigurationList section */
		3DD0FDE91CE5B15500CFB62E /* Build configuration list for PBXProject "FirstGitXcode" */ = {
			isa = XCConfigurationList;
			buildConfigurations = (
				3DD0FDFE1CE5B15500CFB62E /* Debug */,
				3DD0FDFF1CE5B15500CFB62E /* Release */,
			);
			defaultConfigurationIsVisible = 0;
			defaultConfigurationName = Release;
		};
		3DD0FE001CE5B15500CFB62E /* Build configuration list for PBXNativeTarget "FirstGitXcode" */ = {
			isa = XCConfigurationList;
			buildConfigurations = (
				3DD0FE011CE5B15500CFB62E /* Debug */,
				3DD0FE021CE5B15500CFB62E /* Release */,
			);
			defaultConfigurationIsVisible = 0;
		};
/* End XCConfigurationList section */
	};
	rootObject = 3DD0FDE61CE5B15500CFB62E /* Project object */;
}
